
Microsoft Visual Studio Solution File, Format Version 12.00
# Visual Studio 15
VisualStudioVersion = 15.0.26403.3
MinimumVisualStudioVersion = 10.0.40219.1
Project("{FAE04EC0-301F-11D3-BF4B-00C04F79EFBC}") = "ClassNote _WhiteBoard", "ClassNote _WhiteBoard\ClassNote _WhiteBoard.csproj", "{84460D16-02FD-4F30-8666-691FB4891CE7}"
EndProject
Project("{FAE04EC0-301F-11D3-BF4B-00C04F79EFBC}") = "IntegerSwap", "IntegerSwap\IntegerSwap.csproj", "{086297C1-B94D-4F6B-B7A0-BF4BAC3E887B}"
EndProject
Project("{FAE04EC0-301F-11D3-BF4B-00C04F79EFBC}") = "IntegerSwapTests", "IntegerSwapTests\IntegerSwapTests.csproj", "{E11FDDB7-FF07-4E7F-A0C9-EDC6F08995FD}"
EndProject
Project("{FAE04EC0-301F-11D3-BF4B-00C04F79EFBC}") = "MoseCode", "MoseCode\MoseCode.csproj", "{F55AC23D-631E-41AE-AC9C-686C1EEB4B45}"
EndProject
Project("{FAE04EC0-301F-11D3-BF4B-00C04F79EFBC}") = "LineIntersect", "LineIntersect\LineIntersect.csproj", "{6509343D-5967-4FEE-8B6A-8E39C0FFE305}"
EndProject
Project("{FAE04EC0-301F-11D3-BF4B-00C04F79EFBC}") = "SwapIntToRNum", "SwapIntToRNum\SwapIntToRNum.csproj", "{73B84F37-A25C-4011-973E-55F0411E7079}"
EndProject
Project("{FAE04EC0-301F-11D3-BF4B-00C04F79EFBC}") = "Countwords", "Countwords\Countwords.csproj", "{AF03BB54-AB5C-4330-A136-A996A27FC77F}"
EndProject
Project("{FAE04EC0-301F-11D3-BF4B-00C04F79EFBC}") = "ReverseNumber", "ReverseNumber\ReverseNumber.csproj", "{602CFE5E-4365-4B0C-904B-712612EEBF2F}"
EndProject
Project("{FAE04EC0-301F-11D3-BF4B-00C04F79EFBC}") = "PrintNnumberofPrime", "PrintNnumberofPrime\PrintNnumberofPrime.csproj", "{F980B330-F62F-4C50-8962-AD8D08B932A4}"
EndProject
Project("{FAE04EC0-301F-11D3-BF4B-00C04F79EFBC}") = "Scrabble", "Scrabble\Scrabble.csproj", "{A52DCE62-E152-4405-A444-41E84DBFA560}"
EndProject
Project("{FAE04EC0-301F-11D3-BF4B-00C04F79EFBC}") = "PrintBinaryNumber", "PrintBinaryNumber\PrintBinaryNumber.csproj", "{0A72F2AD-2C6F-4F7A-905F-9F9F2BBA4F1F}"
EndProject
Project("{FAE04EC0-301F-11D3-BF4B-00C04F79EFBC}") = "BowlingPin", "BowlingPin\BowlingPin.csproj", "{E74E41BF-313F-482E-8186-26FACF51B54D}"
EndProject
Project("{FAE04EC0-301F-11D3-BF4B-00C04F79EFBC}") = "SumofEvenNumber", "SumofEvenNumber\SumofEvenNumber.csproj", "{A693CE79-EA43-4E3C-929A-F311DA9848FF}"
EndProject
Project("{FAE04EC0-301F-11D3-BF4B-00C04F79EFBC}") = "SumofEvenNumberTests", "SumofEvenNumberTests\SumofEvenNumberTests.csproj", "{56F7D0F4-A957-4B68-9A5E-12A2D64A37CB}"
EndProject
Project("{FAE04EC0-301F-11D3-BF4B-00C04F79EFBC}") = "Collection", "Collection\Collection.csproj", "{25DE4A6A-E41C-4C98-A643-C0D2CF07A508}"
EndProject
Project("{FAE04EC0-301F-11D3-BF4B-00C04F79EFBC}") = "SmllEnough", "SmllEnough\SmllEnough.csproj", "{0E462CFA-302A-4F4F-ABE9-47DA9B08FCF8}"
EndProject
Project("{FAE04EC0-301F-11D3-BF4B-00C04F79EFBC}") = "BetweenExtremes", "BetweenExtremes\BetweenExtremes.csproj", "{FA099582-F6CA-442B-BC34-DC211AFF6900}"
EndProject
Project("{FAE04EC0-301F-11D3-BF4B-00C04F79EFBC}") = "Fire on the boat", "Fire on the boat\Fire on the boat.csproj", "{2FF163DE-11D9-477E-A173-58A9ECC7B306}"
EndProject
Project("{FAE04EC0-301F-11D3-BF4B-00C04F79EFBC}") = "TwiceOfAge", "TwiceOfAge\TwiceOfAge.csproj", "{22BA8247-00BA-4EC9-A215-FE2DB57EB378}"
EndProject
Project("{FAE04EC0-301F-11D3-BF4B-00C04F79EFBC}") = "TwiceOfAgeTests", "TwiceOfAgeTests\TwiceOfAgeTests.csproj", "{5CADC1AC-1D7C-4C16-A414-FCDF7CF532D4}"
EndProject
Project("{FAE04EC0-301F-11D3-BF4B-00C04F79EFBC}") = "LinkedList", "LinkedList\LinkedList.csproj", "{942D0D09-F959-4E3E-AF28-438CB831CB73}"
EndProject
Global
	GlobalSection(SolutionConfigurationPlatforms) = preSolution
		Debug|Any CPU = Debug|Any CPU
		Release|Any CPU = Release|Any CPU
	EndGlobalSection
	GlobalSection(ProjectConfigurationPlatforms) = postSolution
		{84460D16-02FD-4F30-8666-691FB4891CE7}.Debug|Any CPU.ActiveCfg = Debug|Any CPU
		{84460D16-02FD-4F30-8666-691FB4891CE7}.Debug|Any CPU.Build.0 = Debug|Any CPU
		{84460D16-02FD-4F30-8666-691FB4891CE7}.Release|Any CPU.ActiveCfg = Release|Any CPU
		{84460D16-02FD-4F30-8666-691FB4891CE7}.Release|Any CPU.Build.0 = Release|Any CPU
		{086297C1-B94D-4F6B-B7A0-BF4BAC3E887B}.Debug|Any CPU.ActiveCfg = Debug|Any CPU
		{086297C1-B94D-4F6B-B7A0-BF4BAC3E887B}.Debug|Any CPU.Build.0 = Debug|Any CPU
		{086297C1-B94D-4F6B-B7A0-BF4BAC3E887B}.Release|Any CPU.ActiveCfg = Release|Any CPU
		{086297C1-B94D-4F6B-B7A0-BF4BAC3E887B}.Release|Any CPU.Build.0 = Release|Any CPU
		{E11FDDB7-FF07-4E7F-A0C9-EDC6F08995FD}.Debug|Any CPU.ActiveCfg = Debug|Any CPU
		{E11FDDB7-FF07-4E7F-A0C9-EDC6F08995FD}.Debug|Any CPU.Build.0 = Debug|Any CPU
		{E11FDDB7-FF07-4E7F-A0C9-EDC6F08995FD}.Release|Any CPU.ActiveCfg = Release|Any CPU
		{E11FDDB7-FF07-4E7F-A0C9-EDC6F08995FD}.Release|Any CPU.Build.0 = Release|Any CPU
		{F55AC23D-631E-41AE-AC9C-686C1EEB4B45}.Debug|Any CPU.ActiveCfg = Debug|Any CPU
		{F55AC23D-631E-41AE-AC9C-686C1EEB4B45}.Debug|Any CPU.Build.0 = Debug|Any CPU
		{F55AC23D-631E-41AE-AC9C-686C1EEB4B45}.Release|Any CPU.ActiveCfg = Release|Any CPU
		{F55AC23D-631E-41AE-AC9C-686C1EEB4B45}.Release|Any CPU.Build.0 = Release|Any CPU
		{6509343D-5967-4FEE-8B6A-8E39C0FFE305}.Debug|Any CPU.ActiveCfg = Debug|Any CPU
		{6509343D-5967-4FEE-8B6A-8E39C0FFE305}.Debug|Any CPU.Build.0 = Debug|Any CPU
		{6509343D-5967-4FEE-8B6A-8E39C0FFE305}.Release|Any CPU.ActiveCfg = Release|Any CPU
		{6509343D-5967-4FEE-8B6A-8E39C0FFE305}.Release|Any CPU.Build.0 = Release|Any CPU
		{73B84F37-A25C-4011-973E-55F0411E7079}.Debug|Any CPU.ActiveCfg = Debug|Any CPU
		{73B84F37-A25C-4011-973E-55F0411E7079}.Debug|Any CPU.Build.0 = Debug|Any CPU
		{73B84F37-A25C-4011-973E-55F0411E7079}.Release|Any CPU.ActiveCfg = Release|Any CPU
		{73B84F37-A25C-4011-973E-55F0411E7079}.Release|Any CPU.Build.0 = Release|Any CPU
		{AF03BB54-AB5C-4330-A136-A996A27FC77F}.Debug|Any CPU.ActiveCfg = Debug|Any CPU
		{AF03BB54-AB5C-4330-A136-A996A27FC77F}.Debug|Any CPU.Build.0 = Debug|Any CPU
		{AF03BB54-AB5C-4330-A136-A996A27FC77F}.Release|Any CPU.ActiveCfg = Release|Any CPU
		{AF03BB54-AB5C-4330-A136-A996A27FC77F}.Release|Any CPU.Build.0 = Release|Any CPU
		{602CFE5E-4365-4B0C-904B-712612EEBF2F}.Debug|Any CPU.ActiveCfg = Debug|Any CPU
		{602CFE5E-4365-4B0C-904B-712612EEBF2F}.Debug|Any CPU.Build.0 = Debug|Any CPU
		{602CFE5E-4365-4B0C-904B-712612EEBF2F}.Release|Any CPU.ActiveCfg = Release|Any CPU
		{602CFE5E-4365-4B0C-904B-712612EEBF2F}.Release|Any CPU.Build.0 = Release|Any CPU
		{F980B330-F62F-4C50-8962-AD8D08B932A4}.Debug|Any CPU.ActiveCfg = Debug|Any CPU
		{F980B330-F62F-4C50-8962-AD8D08B932A4}.Debug|Any CPU.Build.0 = Debug|Any CPU
		{F980B330-F62F-4C50-8962-AD8D08B932A4}.Release|Any CPU.ActiveCfg = Release|Any CPU
		{F980B330-F62F-4C50-8962-AD8D08B932A4}.Release|Any CPU.Build.0 = Release|Any CPU
		{A52DCE62-E152-4405-A444-41E84DBFA560}.Debug|Any CPU.ActiveCfg = Debug|Any CPU
		{A52DCE62-E152-4405-A444-41E84DBFA560}.Debug|Any CPU.Build.0 = Debug|Any CPU
		{A52DCE62-E152-4405-A444-41E84DBFA560}.Release|Any CPU.ActiveCfg = Release|Any CPU
		{A52DCE62-E152-4405-A444-41E84DBFA560}.Release|Any CPU.Build.0 = Release|Any CPU
		{0A72F2AD-2C6F-4F7A-905F-9F9F2BBA4F1F}.Debug|Any CPU.ActiveCfg = Debug|Any CPU
		{0A72F2AD-2C6F-4F7A-905F-9F9F2BBA4F1F}.Debug|Any CPU.Build.0 = Debug|Any CPU
		{0A72F2AD-2C6F-4F7A-905F-9F9F2BBA4F1F}.Release|Any CPU.ActiveCfg = Release|Any CPU
		{0A72F2AD-2C6F-4F7A-905F-9F9F2BBA4F1F}.Release|Any CPU.Build.0 = Release|Any CPU
		{E74E41BF-313F-482E-8186-26FACF51B54D}.Debug|Any CPU.ActiveCfg = Debug|Any CPU
		{E74E41BF-313F-482E-8186-26FACF51B54D}.Debug|Any CPU.Build.0 = Debug|Any CPU
		{E74E41BF-313F-482E-8186-26FACF51B54D}.Release|Any CPU.ActiveCfg = Release|Any CPU
		{E74E41BF-313F-482E-8186-26FACF51B54D}.Release|Any CPU.Build.0 = Release|Any CPU
		{A693CE79-EA43-4E3C-929A-F311DA9848FF}.Debug|Any CPU.ActiveCfg = Debug|Any CPU
		{A693CE79-EA43-4E3C-929A-F311DA9848FF}.Debug|Any CPU.Build.0 = Debug|Any CPU
		{A693CE79-EA43-4E3C-929A-F311DA9848FF}.Release|Any CPU.ActiveCfg = Release|Any CPU
		{A693CE79-EA43-4E3C-929A-F311DA9848FF}.Release|Any CPU.Build.0 = Release|Any CPU
		{56F7D0F4-A957-4B68-9A5E-12A2D64A37CB}.Debug|Any CPU.ActiveCfg = Debug|Any CPU
		{56F7D0F4-A957-4B68-9A5E-12A2D64A37CB}.Debug|Any CPU.Build.0 = Debug|Any CPU
		{56F7D0F4-A957-4B68-9A5E-12A2D64A37CB}.Release|Any CPU.ActiveCfg = Release|Any CPU
		{56F7D0F4-A957-4B68-9A5E-12A2D64A37CB}.Release|Any CPU.Build.0 = Release|Any CPU
		{25DE4A6A-E41C-4C98-A643-C0D2CF07A508}.Debug|Any CPU.ActiveCfg = Debug|Any CPU
		{25DE4A6A-E41C-4C98-A643-C0D2CF07A508}.Debug|Any CPU.Build.0 = Debug|Any CPU
		{25DE4A6A-E41C-4C98-A643-C0D2CF07A508}.Release|Any CPU.ActiveCfg = Release|Any CPU
		{25DE4A6A-E41C-4C98-A643-C0D2CF07A508}.Release|Any CPU.Build.0 = Release|Any CPU
		{0E462CFA-302A-4F4F-ABE9-47DA9B08FCF8}.Debug|Any CPU.ActiveCfg = Debug|Any CPU
		{0E462CFA-302A-4F4F-ABE9-47DA9B08FCF8}.Debug|Any CPU.Build.0 = Debug|Any CPU
		{0E462CFA-302A-4F4F-ABE9-47DA9B08FCF8}.Release|Any CPU.ActiveCfg = Release|Any CPU
		{0E462CFA-302A-4F4F-ABE9-47DA9B08FCF8}.Release|Any CPU.Build.0 = Release|Any CPU
		{FA099582-F6CA-442B-BC34-DC211AFF6900}.Debug|Any CPU.ActiveCfg = Debug|Any CPU
		{FA099582-F6CA-442B-BC34-DC211AFF6900}.Debug|Any CPU.Build.0 = Debug|Any CPU
		{FA099582-F6CA-442B-BC34-DC211AFF6900}.Release|Any CPU.ActiveCfg = Release|Any CPU
		{FA099582-F6CA-442B-BC34-DC211AFF6900}.Release|Any CPU.Build.0 = Release|Any CPU
		{2FF163DE-11D9-477E-A173-58A9ECC7B306}.Debug|Any CPU.ActiveCfg = Debug|Any CPU
		{2FF163DE-11D9-477E-A173-58A9ECC7B306}.Debug|Any CPU.Build.0 = Debug|Any CPU
		{2FF163DE-11D9-477E-A173-58A9ECC7B306}.Release|Any CPU.ActiveCfg = Release|Any CPU
		{2FF163DE-11D9-477E-A173-58A9ECC7B306}.Release|Any CPU.Build.0 = Release|Any CPU
		{22BA8247-00BA-4EC9-A215-FE2DB57EB378}.Debug|Any CPU.ActiveCfg = Debug|Any CPU
		{22BA8247-00BA-4EC9-A215-FE2DB57EB378}.Debug|Any CPU.Build.0 = Debug|Any CPU
		{22BA8247-00BA-4EC9-A215-FE2DB57EB378}.Release|Any CPU.ActiveCfg = Release|Any CPU
		{22BA8247-00BA-4EC9-A215-FE2DB57EB378}.Release|Any CPU.Build.0 = Release|Any CPU
		{5CADC1AC-1D7C-4C16-A414-FCDF7CF532D4}.Debug|Any CPU.ActiveCfg = Debug|Any CPU
		{5CADC1AC-1D7C-4C16-A414-FCDF7CF532D4}.Debug|Any CPU.Build.0 = Debug|Any CPU
		{5CADC1AC-1D7C-4C16-A414-FCDF7CF532D4}.Release|Any CPU.ActiveCfg = Release|Any CPU
		{5CADC1AC-1D7C-4C16-A414-FCDF7CF532D4}.Release|Any CPU.Build.0 = Release|Any CPU
		{942D0D09-F959-4E3E-AF28-438CB831CB73}.Debug|Any CPU.ActiveCfg = Debug|Any CPU
		{942D0D09-F959-4E3E-AF28-438CB831CB73}.Debug|Any CPU.Build.0 = Debug|Any CPU
		{942D0D09-F959-4E3E-AF28-438CB831CB73}.Release|Any CPU.ActiveCfg = Release|Any CPU
		{942D0D09-F959-4E3E-AF28-438CB831CB73}.Release|Any CPU.Build.0 = Release|Any CPU
	EndGlobalSection
	GlobalSection(SolutionProperties) = preSolution
		HideSolutionNode = FALSE
	EndGlobalSection
	GlobalSection(ExtensibilityGlobals) = postSolution
		SolutionGuid = {32826F78-5643-4308-9DF3-BF59D385209E}
	EndGlobalSection
EndGlobal
